
Microsoft Visual Studio Solution File, Format Version 12.00
# Visual Studio Version 17
VisualStudioVersion = 17.11.35312.102
MinimumVisualStudioVersion = 10.0.40219.1
Project("{FAE04EC0-301F-11D3-BF4B-00C04F79EFBC}") = "laba1_opp", "laba1_opp\laba1_opp.csproj", "{FFCEC877-67DC-45FD-93F8-0FAC826722E9}"
EndProject
Global
	GlobalSection(SolutionConfigurationPlatforms) = preSolution
		Debug|Any CPU = Debug|Any CPU
		Release|Any CPU = Release|Any CPU
	EndGlobalSection
	GlobalSection(ProjectConfigurationPlatforms) = postSolution
		{FFCEC877-67DC-45FD-93F8-0FAC826722E9}.Debug|Any CPU.ActiveCfg = Debug|Any CPU
		{FFCEC877-67DC-45FD-93F8-0FAC826722E9}.Debug|Any CPU.Build.0 = Debug|Any CPU
		{FFCEC877-67DC-45FD-93F8-0FAC826722E9}.Release|Any CPU.ActiveCfg = Release|Any CPU
		{FFCEC877-67DC-45FD-93F8-0FAC826722E9}.Release|Any CPU.Build.0 = Release|Any CPU
	EndGlobalSection
	GlobalSection(SolutionProperties) = preSolution
		HideSolutionNode = FALSE
	EndGlobalSection
	GlobalSection(ExtensibilityGlobals) = postSolution
		SolutionGuid = {ECA27BCA-1828-43E2-ACF6-16AEDB6B7B6E}
	EndGlobalSection
EndGlobal
